
Microsoft Visual Studio Solution File, Format Version 12.00
# Visual Studio 15
VisualStudioVersion = 15.0.27004.2006
MinimumVisualStudioVersion = 10.0.40219.1
Project("{FAE04EC0-301F-11D3-BF4B-00C04F79EFBC}") = "arena fighter", "arena fighter\arena fighter.csproj", "{7B473530-5694-46E6-9BED-47A67CE998AD}"
EndProject
Global
	GlobalSection(SolutionConfigurationPlatforms) = preSolution
		Debug|Any CPU = Debug|Any CPU
		Release|Any CPU = Release|Any CPU
	EndGlobalSection
	GlobalSection(ProjectConfigurationPlatforms) = postSolution
		{7B473530-5694-46E6-9BED-47A67CE998AD}.Debug|Any CPU.ActiveCfg = Debug|Any CPU
		{7B473530-5694-46E6-9BED-47A67CE998AD}.Debug|Any CPU.Build.0 = Debug|Any CPU
		{7B473530-5694-46E6-9BED-47A67CE998AD}.Release|Any CPU.ActiveCfg = Release|Any CPU
		{7B473530-5694-46E6-9BED-47A67CE998AD}.Release|Any CPU.Build.0 = Release|Any CPU
	EndGlobalSection
	GlobalSection(SolutionProperties) = preSolution
		HideSolutionNode = FALSE
	EndGlobalSection
	GlobalSection(ExtensibilityGlobals) = postSolution
		SolutionGuid = {884FF252-A87D-4870-9025-E26C713395B8}
	EndGlobalSection
EndGlobal
